
Microsoft Visual Studio Solution File, Format Version 12.00
# Visual Studio Version 16
VisualStudioVersion = 16.0.31410.357
MinimumVisualStudioVersion = 10.0.40219.1
Project("{FAE04EC0-301F-11D3-BF4B-00C04F79EFBC}") = "TheCCPConnectionAPI-POC", "TheCCPConnectionAPI-POC\TheCCPConnectionAPI-POC.csproj", "{381DBF4B-4FA7-4186-AE23-45522E7A52F4}"
EndProject
Global
	GlobalSection(SolutionConfigurationPlatforms) = preSolution
		Debug|Any CPU = Debug|Any CPU
		Release|Any CPU = Release|Any CPU
	EndGlobalSection
	GlobalSection(ProjectConfigurationPlatforms) = postSolution
		{381DBF4B-4FA7-4186-AE23-45522E7A52F4}.Debug|Any CPU.ActiveCfg = Debug|Any CPU
		{381DBF4B-4FA7-4186-AE23-45522E7A52F4}.Debug|Any CPU.Build.0 = Debug|Any CPU
		{381DBF4B-4FA7-4186-AE23-45522E7A52F4}.Release|Any CPU.ActiveCfg = Release|Any CPU
		{381DBF4B-4FA7-4186-AE23-45522E7A52F4}.Release|Any CPU.Build.0 = Release|Any CPU
	EndGlobalSection
	GlobalSection(SolutionProperties) = preSolution
		HideSolutionNode = FALSE
	EndGlobalSection
	GlobalSection(ExtensibilityGlobals) = postSolution
		SolutionGuid = {B507D43B-B2CF-46E8-ADC0-02B3CED1F167}
	EndGlobalSection
EndGlobal
